// !$*UTF8*$!
{
	archiveVersion = 1;
	classes = {
	};
	objectVersion = 46;
	objects = {

/* Begin PBXBuildFile section */
		09C343EEE39A210CDEE8F723 /* Pods_tcp.framework in Frameworks */ = {isa = PBXBuildFile; fileRef = EB09D9BA226528E41BC1504F /* Pods_tcp.framework */; };
		0AB046CD1F192CBD00DC5FA5 /* AppDelegate.swift in Sources */ = {isa = PBXBuildFile; fileRef = 0AB046CC1F192CBD00DC5FA5 /* AppDelegate.swift */; };
		0AB046CF1F192CBD00DC5FA5 /* ViewController.swift in Sources */ = {isa = PBXBuildFile; fileRef = 0AB046CE1F192CBD00DC5FA5 /* ViewController.swift */; };
		0AB046D21F192CBD00DC5FA5 /* Main.storyboard in Resources */ = {isa = PBXBuildFile; fileRef = 0AB046D01F192CBD00DC5FA5 /* Main.storyboard */; };
		0AB046D41F192CBD00DC5FA5 /* Assets.xcassets in Resources */ = {isa = PBXBuildFile; fileRef = 0AB046D31F192CBD00DC5FA5 /* Assets.xcassets */; };
		0AB046D71F192CBD00DC5FA5 /* LaunchScreen.storyboard in Resources */ = {isa = PBXBuildFile; fileRef = 0AB046D51F192CBD00DC5FA5 /* LaunchScreen.storyboard */; };
		0AB046E21F192CBD00DC5FA5 /* tcpTests.swift in Sources */ = {isa = PBXBuildFile; fileRef = 0AB046E11F192CBD00DC5FA5 /* tcpTests.swift */; };
		0AB046ED1F192CBD00DC5FA5 /* tcpUITests.swift in Sources */ = {isa = PBXBuildFile; fileRef = 0AB046EC1F192CBD00DC5FA5 /* tcpUITests.swift */; };
		87E11DE63B90F2BE6BE8FA9A /* Pods_tcpUITests.framework in Frameworks */ = {isa = PBXBuildFile; fileRef = A831C4A12FAE21DF285C2FC8 /* Pods_tcpUITests.framework */; };
		F5B7C473840FC82167D9CC46 /* Pods_tcpTests.framework in Frameworks */ = {isa = PBXBuildFile; fileRef = 09AB1A62EAA4C4756B6B7D45 /* Pods_tcpTests.framework */; };
/* End PBXBuildFile section */

/* Begin PBXContainerItemProxy section */
		0AB046DE1F192CBD00DC5FA5 /* PBXContainerItemProxy */ = {
			isa = PBXContainerItemProxy;
			containerPortal = 0AB046C11F192CBD00DC5FA5 /* Project object */;
			proxyType = 1;
			remoteGlobalIDString = 0AB046C81F192CBD00DC5FA5;
			remoteInfo = tcp;
		};
		0AB046E91F192CBD00DC5FA5 /* PBXContainerItemProxy */ = {
			isa = PBXContainerItemProxy;
			containerPortal = 0AB046C11F192CBD00DC5FA5 /* Project object */;
			proxyType = 1;
			remoteGlobalIDString = 0AB046C81F192CBD00DC5FA5;
			remoteInfo = tcp;
		};
/* End PBXContainerItemProxy section */

/* Begin PBXFileReference section */
		09AB1A62EAA4C4756B6B7D45 /* Pods_tcpTests.framework */ = {isa = PBXFileReference; explicitFileType = wrapper.framework; includeInIndex = 0; path = Pods_tcpTests.framework; sourceTree = BUILT_PRODUCTS_DIR; };
		09D9BD0D3C9E9FE790956549 /* Pods-tcp.release.xcconfig */ = {isa = PBXFileReference; includeInIndex = 1; lastKnownFileType = text.xcconfig; name = "Pods-tcp.release.xcconfig"; path = "Pods/Target Support Files/Pods-tcp/Pods-tcp.release.xcconfig"; sourceTree = "<group>"; };
		0AB046C91F192CBD00DC5FA5 /* tcp.app */ = {isa = PBXFileReference; explicitFileType = wrapper.application; includeInIndex = 0; path = tcp.app; sourceTree = BUILT_PRODUCTS_DIR; };
		0AB046CC1F192CBD00DC5FA5 /* AppDelegate.swift */ = {isa = PBXFileReference; lastKnownFileType = sourcecode.swift; path = AppDelegate.swift; sourceTree = "<group>"; };
		0AB046CE1F192CBD00DC5FA5 /* ViewController.swift */ = {isa = PBXFileReference; lastKnownFileType = sourcecode.swift; path = ViewController.swift; sourceTree = "<group>"; };
		0AB046D11F192CBD00DC5FA5 /* Base */ = {isa = PBXFileReference; lastKnownFileType = file.storyboard; name = Base; path = Base.lproj/Main.storyboard; sourceTree = "<group>"; };
		0AB046D31F192CBD00DC5FA5 /* Assets.xcassets */ = {isa = PBXFileReference; lastKnownFileType = folder.assetcatalog; path = Assets.xcassets; sourceTree = "<group>"; };
		0AB046D61F192CBD00DC5FA5 /* Base */ = {isa = PBXFileReference; lastKnownFileType = file.storyboard; name = Base; path = Base.lproj/LaunchScreen.storyboard; sourceTree = "<group>"; };
		0AB046D81F192CBD00DC5FA5 /* Info.plist */ = {isa = PBXFileReference; lastKnownFileType = text.plist.xml; path = Info.plist; sourceTree = "<group>"; };
		0AB046DD1F192CBD00DC5FA5 /* tcpTests.xctest */ = {isa = PBXFileReference; explicitFileType = wrapper.cfbundle; includeInIndex = 0; path = tcpTests.xctest; sourceTree = BUILT_PRODUCTS_DIR; };
		0AB046E11F192CBD00DC5FA5 /* tcpTests.swift */ = {isa = PBXFileReference; lastKnownFileType = sourcecode.swift; path = tcpTests.swift; sourceTree = "<group>"; };
		0AB046E31F192CBD00DC5FA5 /* Info.plist */ = {isa = PBXFileReference; lastKnownFileType = text.plist.xml; path = Info.plist; sourceTree = "<group>"; };
		0AB046E81F192CBD00DC5FA5 /* tcpUITests.xctest */ = {isa = PBXFileReference; explicitFileType = wrapper.cfbundle; includeInIndex = 0; path = tcpUITests.xctest; sourceTree = BUILT_PRODUCTS_DIR; };
		0AB046EC1F192CBD00DC5FA5 /* tcpUITests.swift */ = {isa = PBXFileReference; lastKnownFileType = sourcecode.swift; path = tcpUITests.swift; sourceTree = "<group>"; };
		0AB046EE1F192CBE00DC5FA5 /* Info.plist */ = {isa = PBXFileReference; lastKnownFileType = text.plist.xml; path = Info.plist; sourceTree = "<group>"; };
		0AB046FB1F19590F00DC5FA5 /* tcp-Bridging-Header.h */ = {isa = PBXFileReference; lastKnownFileType = sourcecode.c.h; path = "tcp-Bridging-Header.h"; sourceTree = "<group>"; };
		6D661EE37F98530258801172 /* Pods-tcpUITests.release.xcconfig */ = {isa = PBXFileReference; includeInIndex = 1; lastKnownFileType = text.xcconfig; name = "Pods-tcpUITests.release.xcconfig"; path = "Pods/Target Support Files/Pods-tcpUITests/Pods-tcpUITests.release.xcconfig"; sourceTree = "<group>"; };
		981A9C8507ED591D356048BC /* Pods-tcpTests.release.xcconfig */ = {isa = PBXFileReference; includeInIndex = 1; lastKnownFileType = text.xcconfig; name = "Pods-tcpTests.release.xcconfig"; path = "Pods/Target Support Files/Pods-tcpTests/Pods-tcpTests.release.xcconfig"; sourceTree = "<group>"; };
		A26C65DB6B2B4A88BAAB7B26 /* Pods-tcpTests.debug.xcconfig */ = {isa = PBXFileReference; includeInIndex = 1; lastKnownFileType = text.xcconfig; name = "Pods-tcpTests.debug.xcconfig"; path = "Pods/Target Support Files/Pods-tcpTests/Pods-tcpTests.debug.xcconfig"; sourceTree = "<group>"; };
		A831C4A12FAE21DF285C2FC8 /* Pods_tcpUITests.framework */ = {isa = PBXFileReference; explicitFileType = wrapper.framework; includeInIndex = 0; path = Pods_tcpUITests.framework; sourceTree = BUILT_PRODUCTS_DIR; };
		B565FBE78F2ABB9F2B1477F1 /* Pods-tcp.debug.xcconfig */ = {isa = PBXFileReference; includeInIndex = 1; lastKnownFileType = text.xcconfig; name = "Pods-tcp.debug.xcconfig"; path = "Pods/Target Support Files/Pods-tcp/Pods-tcp.debug.xcconfig"; sourceTree = "<group>"; };
		E2F9D2D0934E32B4B13160CA /* Pods-tcpUITests.debug.xcconfig */ = {isa = PBXFileReference; includeInIndex = 1; lastKnownFileType = text.xcconfig; name = "Pods-tcpUITests.debug.xcconfig"; path = "Pods/Target Support Files/Pods-tcpUITests/Pods-tcpUITests.debug.xcconfig"; sourceTree = "<group>"; };
		EB09D9BA226528E41BC1504F /* Pods_tcp.framework */ = {isa = PBXFileReference; explicitFileType = wrapper.framework; includeInIndex = 0; path = Pods_tcp.framework; sourceTree = BUILT_PRODUCTS_DIR; };
/* End PBXFileReference section */

/* Begin PBXFrameworksBuildPhase section */
		0AB046C61F192CBD00DC5FA5 /* Frameworks */ = {
			isa = PBXFrameworksBuildPhase;
			buildActionMask = 2147483647;
			files = (
				09C343EEE39A210CDEE8F723 /* Pods_tcp.framework in Frameworks */,
			);
			runOnlyForDeploymentPostprocessing = 0;
		};
		0AB046DA1F192CBD00DC5FA5 /* Frameworks */ = {
			isa = PBXFrameworksBuildPhase;
			buildActionMask = 2147483647;
			files = (
				F5B7C473840FC82167D9CC46 /* Pods_tcpTests.framework in Frameworks */,
			);
			runOnlyForDeploymentPostprocessing = 0;
		};
		0AB046E51F192CBD00DC5FA5 /* Frameworks */ = {
			isa = PBXFrameworksBuildPhase;
			buildActionMask = 2147483647;
			files = (
				87E11DE63B90F2BE6BE8FA9A /* Pods_tcpUITests.framework in Frameworks */,
			);
			runOnlyForDeploymentPostprocessing = 0;
		};
/* End PBXFrameworksBuildPhase section */

/* Begin PBXGroup section */
		0AB046C01F192CBD00DC5FA5 = {
			isa = PBXGroup;
			children = (
				0AB046FB1F19590F00DC5FA5 /* tcp-Bridging-Header.h */,
				0AB046CB1F192CBD00DC5FA5 /* tcp */,
				0AB046E01F192CBD00DC5FA5 /* tcpTests */,
				0AB046EB1F192CBD00DC5FA5 /* tcpUITests */,
				0AB046CA1F192CBD00DC5FA5 /* Products */,
				F0A6C99A7FDEA5A1C5A8DCFC /* Pods */,
				452ADAFBAF3D6A711A3B2019 /* Frameworks */,
			);
			sourceTree = "<group>";
		};
		0AB046CA1F192CBD00DC5FA5 /* Products */ = {
			isa = PBXGroup;
			children = (
				0AB046C91F192CBD00DC5FA5 /* tcp.app */,
				0AB046DD1F192CBD00DC5FA5 /* tcpTests.xctest */,
				0AB046E81F192CBD00DC5FA5 /* tcpUITests.xctest */,
			);
			name = Products;
			sourceTree = "<group>";
		};
		0AB046CB1F192CBD00DC5FA5 /* tcp */ = {
			isa = PBXGroup;
			children = (
				0AB046CC1F192CBD00DC5FA5 /* AppDelegate.swift */,
				0AB046CE1F192CBD00DC5FA5 /* ViewController.swift */,
				0AB046D01F192CBD00DC5FA5 /* Main.storyboard */,
				0AB046D31F192CBD00DC5FA5 /* Assets.xcassets */,
				0AB046D51F192CBD00DC5FA5 /* LaunchScreen.storyboard */,
				0AB046D81F192CBD00DC5FA5 /* Info.plist */,
			);
			path = tcp;
			sourceTree = "<group>";
		};
		0AB046E01F192CBD00DC5FA5 /* tcpTests */ = {
			isa = PBXGroup;
			children = (
				0AB046E11F192CBD00DC5FA5 /* tcpTests.swift */,
				0AB046E31F192CBD00DC5FA5 /* Info.plist */,
			);
			path = tcpTests;
			sourceTree = "<group>";
		};
		0AB046EB1F192CBD00DC5FA5 /* tcpUITests */ = {
			isa = PBXGroup;
			children = (
				0AB046EC1F192CBD00DC5FA5 /* tcpUITests.swift */,
				0AB046EE1F192CBE00DC5FA5 /* Info.plist */,
			);
			path = tcpUITests;
			sourceTree = "<group>";
		};
		452ADAFBAF3D6A711A3B2019 /* Frameworks */ = {
			isa = PBXGroup;
			children = (
				EB09D9BA226528E41BC1504F /* Pods_tcp.framework */,
				09AB1A62EAA4C4756B6B7D45 /* Pods_tcpTests.framework */,
				A831C4A12FAE21DF285C2FC8 /* Pods_tcpUITests.framework */,
			);
			name = Frameworks;
			sourceTree = "<group>";
		};
		F0A6C99A7FDEA5A1C5A8DCFC /* Pods */ = {
			isa = PBXGroup;
			children = (
				B565FBE78F2ABB9F2B1477F1 /* Pods-tcp.debug.xcconfig */,
				09D9BD0D3C9E9FE790956549 /* Pods-tcp.release.xcconfig */,
				A26C65DB6B2B4A88BAAB7B26 /* Pods-tcpTests.debug.xcconfig */,
				981A9C8507ED591D356048BC /* Pods-tcpTests.release.xcconfig */,
				E2F9D2D0934E32B4B13160CA /* Pods-tcpUITests.debug.xcconfig */,
				6D661EE37F98530258801172 /* Pods-tcpUITests.release.xcconfig */,
			);
			name = Pods;
			sourceTree = "<group>";
		};
/* End PBXGroup section */

/* Begin PBXNativeTarget section */
		0AB046C81F192CBD00DC5FA5 /* tcp */ = {
			isa = PBXNativeTarget;
			buildConfigurationList = 0AB046F11F192CBE00DC5FA5 /* Build configuration list for PBXNativeTarget "tcp" */;
			buildPhases = (
				CF13F81200BCD6AD06B2DFA5 /* [CP] Check Pods Manifest.lock */,
				0AB046C51F192CBD00DC5FA5 /* Sources */,
				0AB046C61F192CBD00DC5FA5 /* Frameworks */,
				0AB046C71F192CBD00DC5FA5 /* Resources */,
				E7B62356CD689F6722BF6726 /* [CP] Embed Pods Frameworks */,
				E3615B256C1D52DD47AB917B /* [CP] Copy Pods Resources */,
			);
			buildRules = (
			);
			dependencies = (
			);
			name = tcp;
			productName = tcp;
			productReference = 0AB046C91F192CBD00DC5FA5 /* tcp.app */;
			productType = "com.apple.product-type.application";
		};
		0AB046DC1F192CBD00DC5FA5 /* tcpTests */ = {
			isa = PBXNativeTarget;
			buildConfigurationList = 0AB046F41F192CBE00DC5FA5 /* Build configuration list for PBXNativeTarget "tcpTests" */;
			buildPhases = (
				B177E9B28989E47853BD9FBC /* [CP] Check Pods Manifest.lock */,
				0AB046D91F192CBD00DC5FA5 /* Sources */,
				0AB046DA1F192CBD00DC5FA5 /* Frameworks */,
				0AB046DB1F192CBD00DC5FA5 /* Resources */,
				D99F5B3F8D7775AC15DF076E /* [CP] Embed Pods Frameworks */,
				E3F98BD7493641309352409D /* [CP] Copy Pods Resources */,
			);
			buildRules = (
			);
			dependencies = (
				0AB046DF1F192CBD00DC5FA5 /* PBXTargetDependency */,
			);
			name = tcpTests;
			productName = tcpTests;
			productReference = 0AB046DD1F192CBD00DC5FA5 /* tcpTests.xctest */;
			productType = "com.apple.product-type.bundle.unit-test";
		};
		0AB046E71F192CBD00DC5FA5 /* tcpUITests */ = {
			isa = PBXNativeTarget;
			buildConfigurationList = 0AB046F71F192CBE00DC5FA5 /* Build configuration list for PBXNativeTarget "tcpUITests" */;
			buildPhases = (
				D1840761226CD515961BBF6B /* [CP] Check Pods Manifest.lock */,
				0AB046E41F192CBD00DC5FA5 /* Sources */,
				0AB046E51F192CBD00DC5FA5 /* Frameworks */,
				0AB046E61F192CBD00DC5FA5 /* Resources */,
				4105CAF1E7372BA1DFD47E4E /* [CP] Embed Pods Frameworks */,
				7D313040577C05947D473CAA /* [CP] Copy Pods Resources */,
			);
			buildRules = (
			);
			dependencies = (
				0AB046EA1F192CBD00DC5FA5 /* PBXTargetDependency */,
			);
			name = tcpUITests;
			productName = tcpUITests;
			productReference = 0AB046E81F192CBD00DC5FA5 /* tcpUITests.xctest */;
			productType = "com.apple.product-type.bundle.ui-testing";
		};
/* End PBXNativeTarget section */

/* Begin PBXProject section */
		0AB046C11F192CBD00DC5FA5 /* Project object */ = {
			isa = PBXProject;
			attributes = {
				LastSwiftUpdateCheck = 0830;
				LastUpgradeCheck = 0830;
				ORGANIZATIONNAME = "Frank the Tank";
				TargetAttributes = {
					0AB046C81F192CBD00DC5FA5 = {
						CreatedOnToolsVersion = 8.3.2;
						DevelopmentTeam = VSXL9U3YDL;
						ProvisioningStyle = Automatic;
					};
					0AB046DC1F192CBD00DC5FA5 = {
						CreatedOnToolsVersion = 8.3.2;
						ProvisioningStyle = Automatic;
						TestTargetID = 0AB046C81F192CBD00DC5FA5;
					};
					0AB046E71F192CBD00DC5FA5 = {
						CreatedOnToolsVersion = 8.3.2;
						ProvisioningStyle = Automatic;
						TestTargetID = 0AB046C81F192CBD00DC5FA5;
					};
				};
			};
			buildConfigurationList = 0AB046C41F192CBD00DC5FA5 /* Build configuration list for PBXProject "tcp" */;
			compatibilityVersion = "Xcode 3.2";
			developmentRegion = English;
			hasScannedForEncodings = 0;
			knownRegions = (
				en,
				Base,
			);
			mainGroup = 0AB046C01F192CBD00DC5FA5;
			productRefGroup = 0AB046CA1F192CBD00DC5FA5 /* Products */;
			projectDirPath = "";
			projectRoot = "";
			targets = (
				0AB046C81F192CBD00DC5FA5 /* tcp */,
				0AB046DC1F192CBD00DC5FA5 /* tcpTests */,
				0AB046E71F192CBD00DC5FA5 /* tcpUITests */,
			);
		};
/* End PBXProject section */

/* Begin PBXResourcesBuildPhase section */
		0AB046C71F192CBD00DC5FA5 /* Resources */ = {
			isa = PBXResourcesBuildPhase;
			buildActionMask = 2147483647;
			files = (
				0AB046D71F192CBD00DC5FA5 /* LaunchScreen.storyboard in Resources */,
				0AB046D41F192CBD00DC5FA5 /* Assets.xcassets in Resources */,
				0AB046D21F192CBD00DC5FA5 /* Main.storyboard in Resources */,
			);
			runOnlyForDeploymentPostprocessing = 0;
		};
		0AB046DB1F192CBD00DC5FA5 /* Resources */ = {
			isa = PBXResourcesBuildPhase;
			buildActionMask = 2147483647;
			files = (
			);
			runOnlyForDeploymentPostprocessing = 0;
		};
		0AB046E61F192CBD00DC5FA5 /* Resources */ = {
			isa = PBXResourcesBuildPhase;
			buildActionMask = 2147483647;
			files = (
			);
			runOnlyForDeploymentPostprocessing = 0;
		};
/* End PBXResourcesBuildPhase section */

/* Begin PBXShellScriptBuildPhase section */
		4105CAF1E7372BA1DFD47E4E /* [CP] Embed Pods Frameworks */ = {
			isa = PBXShellScriptBuildPhase;
			buildActionMask = 2147483647;
			files = (
			);
			inputPaths = (
			);
			name = "[CP] Embed Pods Frameworks";
			outputPaths = (
			);
			runOnlyForDeploymentPostprocessing = 0;
			shellPath = /bin/sh;
			shellScript = "\"${SRCROOT}/Pods/Target Support Files/Pods-tcpUITests/Pods-tcpUITests-frameworks.sh\"\n";
			showEnvVarsInLog = 0;
		};
		7D313040577C05947D473CAA /* [CP] Copy Pods Resources */ = {
			isa = PBXShellScriptBuildPhase;
			buildActionMask = 2147483647;
			files = (
			);
			inputPaths = (
			);
			name = "[CP] Copy Pods Resources";
			outputPaths = (
			);
			runOnlyForDeploymentPostprocessing = 0;
			shellPath = /bin/sh;
			shellScript = "\"${SRCROOT}/Pods/Target Support Files/Pods-tcpUITests/Pods-tcpUITests-resources.sh\"\n";
			showEnvVarsInLog = 0;
		};
		B177E9B28989E47853BD9FBC /* [CP] Check Pods Manifest.lock */ = {
			isa = PBXShellScriptBuildPhase;
			buildActionMask = 2147483647;
			files = (
			);
			inputPaths = (
			);
			name = "[CP] Check Pods Manifest.lock";
			outputPaths = (
			);
			runOnlyForDeploymentPostprocessing = 0;
			shellPath = /bin/sh;
			shellScript = "diff \"${PODS_PODFILE_DIR_PATH}/Podfile.lock\" \"${PODS_ROOT}/Manifest.lock\" > /dev/null\nif [ $? != 0 ] ; then\n    # print error to STDERR\n    echo \"error: The sandbox is not in sync with the Podfile.lock. Run 'pod install' or update your CocoaPods installation.\" >&2\n    exit 1\nfi\n";
			showEnvVarsInLog = 0;
		};
		CF13F81200BCD6AD06B2DFA5 /* [CP] Check Pods Manifest.lock */ = {
			isa = PBXShellScriptBuildPhase;
			buildActionMask = 2147483647;
			files = (
			);
			inputPaths = (
			);
			name = "[CP] Check Pods Manifest.lock";
			outputPaths = (
			);
			runOnlyForDeploymentPostprocessing = 0;
			shellPath = /bin/sh;
			shellScript = "diff \"${PODS_PODFILE_DIR_PATH}/Podfile.lock\" \"${PODS_ROOT}/Manifest.lock\" > /dev/null\nif [ $? != 0 ] ; then\n    # print error to STDERR\n    echo \"error: The sandbox is not in sync with the Podfile.lock. Run 'pod install' or update your CocoaPods installation.\" >&2\n    exit 1\nfi\n";
			showEnvVarsInLog = 0;
		};
		D1840761226CD515961BBF6B /* [CP] Check Pods Manifest.lock */ = {
			isa = PBXShellScriptBuildPhase;
			buildActionMask = 2147483647;
			files = (
			);
			inputPaths = (
			);
			name = "[CP] Check Pods Manifest.lock";
			outputPaths = (
			);
			runOnlyForDeploymentPostprocessing = 0;
			shellPath = /bin/sh;
			shellScript = "diff \"${PODS_PODFILE_DIR_PATH}/Podfile.lock\" \"${PODS_ROOT}/Manifest.lock\" > /dev/null\nif [ $? != 0 ] ; then\n    # print error to STDERR\n    echo \"error: The sandbox is not in sync with the Podfile.lock. Run 'pod install' or update your CocoaPods installation.\" >&2\n    exit 1\nfi\n";
			showEnvVarsInLog = 0;
		};
		D99F5B3F8D7775AC15DF076E /* [CP] Embed Pods Frameworks */ = {
			isa = PBXShellScriptBuildPhase;
			buildActionMask = 2147483647;
			files = (
			);
			inputPaths = (
			);
			name = "[CP] Embed Pods Frameworks";
			outputPaths = (
			);
			runOnlyForDeploymentPostprocessing = 0;
			shellPath = /bin/sh;
			shellScript = "\"${SRCROOT}/Pods/Target Support Files/Pods-tcpTests/Pods-tcpTests-frameworks.sh\"\n";
			showEnvVarsInLog = 0;
		};
		E3615B256C1D52DD47AB917B /* [CP] Copy Pods Resources */ = {
			isa = PBXShellScriptBuildPhase;
			buildActionMask = 2147483647;
			files = (
			);
			inputPaths = (
			);
			name = "[CP] Copy Pods Resources";
			outputPaths = (
			);
			runOnlyForDeploymentPostprocessing = 0;
			shellPath = /bin/sh;
			shellScript = "\"${SRCROOT}/Pods/Target Support Files/Pods-tcp/Pods-tcp-resources.sh\"\n";
			showEnvVarsInLog = 0;
		};
		E3F98BD7493641309352409D /* [CP] Copy Pods Resources */ = {
			isa = PBXShellScriptBuildPhase;
			buildActionMask = 2147483647;
			files = (
			);
			inputPaths = (
			);
			name = "[CP] Copy Pods Resources";
			outputPaths = (
			);
			runOnlyForDeploymentPostprocessing = 0;
			shellPath = /bin/sh;
			shellScript = "\"${SRCROOT}/Pods/Target Support Files/Pods-tcpTests/Pods-tcpTests-resources.sh\"\n";
			showEnvVarsInLog = 0;
		};
		E7B62356CD689F6722BF6726 /* [CP] Embed Pods Frameworks */ = {
			isa = PBXShellScriptBuildPhase;
			buildActionMask = 2147483647;
			files = (
			);
			inputPaths = (
			);
			name = "[CP] Embed Pods Frameworks";
			outputPaths = (
			);
			runOnlyForDeploymentPostprocessing = 0;
			shellPath = /bin/sh;
			shellScript = "\"${SRCROOT}/Pods/Target Support Files/Pods-tcp/Pods-tcp-frameworks.sh\"\n";
			showEnvVarsInLog = 0;
		};
/* End PBXShellScriptBuildPhase section */

/* Begin PBXSourcesBuildPhase section */
		0AB046C51F192CBD00DC5FA5 /* Sources */ = {
			isa = PBXSourcesBuildPhase;
			buildActionMask = 2147483647;
			files = (
				0AB046CF1F192CBD00DC5FA5 /* ViewController.swift in Sources */,
				0AB046CD1F192CBD00DC5FA5 /* AppDelegate.swift in Sources */,
			);
			runOnlyForDeploymentPostprocessing = 0;
		};
		0AB046D91F192CBD00DC5FA5 /* Sources */ = {
			isa = PBXSourcesBuildPhase;
			buildActionMask = 2147483647;
			files = (
				0AB046E21F192CBD00DC5FA5 /* tcpTests.swift in Sources */,
			);
			runOnlyForDeploymentPostprocessing = 0;
		};
		0AB046E41F192CBD00DC5FA5 /* Sources */ = {
			isa = PBXSourcesBuildPhase;
			buildActionMask = 2147483647;
			files = (
				0AB046ED1F192CBD00DC5FA5 /* tcpUITests.swift in Sources */,
			);
			runOnlyForDeploymentPostprocessing = 0;
		};
/* End PBXSourcesBuildPhase section */

/* Begin PBXTargetDependency section */
		0AB046DF1F192CBD00DC5FA5 /* PBXTargetDependency */ = {
			isa = PBXTargetDependency;
			target = 0AB046C81F192CBD00DC5FA5 /* tcp */;
			targetProxy = 0AB046DE1F192CBD00DC5FA5 /* PBXContainerItemProxy */;
		};
		0AB046EA1F192CBD00DC5FA5 /* PBXTargetDependency */ = {
			isa = PBXTargetDependency;
			target = 0AB046C81F192CBD00DC5FA5 /* tcp */;
			targetProxy = 0AB046E91F192CBD00DC5FA5 /* PBXContainerItemProxy */;
		};
/* End PBXTargetDependency section */

/* Begin PBXVariantGroup section */
		0AB046D01F192CBD00DC5FA5 /* Main.storyboard */ = {
			isa = PBXVariantGroup;
			children = (
				0AB046D11F192CBD00DC5FA5 /* Base */,
			);
			name = Main.storyboard;
			sourceTree = "<group>";
		};
		0AB046D51F192CBD00DC5FA5 /* LaunchScreen.storyboard */ = {
			isa = PBXVariantGroup;
			children = (
				0AB046D61F192CBD00DC5FA5 /* Base */,
			);
			name = LaunchScreen.storyboard;
			sourceTree = "<group>";
		};
/* End PBXVariantGroup section */

/* Begin XCBuildConfiguration section */
		0AB046EF1F192CBE00DC5FA5 /* Debug */ = {
			isa = XCBuildConfiguration;
			buildSettings = {
				ALWAYS_SEARCH_USER_PATHS = NO;
				CLANG_ANALYZER_NONNULL = YES;
				CLANG_ANALYZER_NUMBER_OBJECT_CONVERSION = YES_AGGRESSIVE;
				CLANG_CXX_LANGUAGE_STANDARD = "gnu++0x";
				CLANG_CXX_LIBRARY = "libc++";
				CLANG_ENABLE_MODULES = YES;
				CLANG_ENABLE_OBJC_ARC = YES;
				CLANG_WARN_BOOL_CONVERSION = YES;
				CLANG_WARN_CONSTANT_CONVERSION = YES;
				CLANG_WARN_DIRECT_OBJC_ISA_USAGE = YES_ERROR;
				CLANG_WARN_DOCUMENTATION_COMMENTS = YES;
				CLANG_WARN_EMPTY_BODY = YES;
				CLANG_WARN_ENUM_CONVERSION = YES;
				CLANG_WARN_INFINITE_RECURSION = YES;
				CLANG_WARN_INT_CONVERSION = YES;
				CLANG_WARN_OBJC_ROOT_CLASS = YES_ERROR;
				CLANG_WARN_SUSPICIOUS_MOVE = YES;
				CLANG_WARN_UNREACHABLE_CODE = YES;
				CLANG_WARN__DUPLICATE_METHOD_MATCH = YES;
				"CODE_SIGN_IDENTITY[sdk=iphoneos*]" = "iPhone Developer";
				COPY_PHASE_STRIP = NO;
				DEBUG_INFORMATION_FORMAT = dwarf;
				ENABLE_STRICT_OBJC_MSGSEND = YES;
				ENABLE_TESTABILITY = YES;
				GCC_C_LANGUAGE_STANDARD = gnu99;
				GCC_DYNAMIC_NO_PIC = NO;
				GCC_NO_COMMON_BLOCKS = YES;
				GCC_OPTIMIZATION_LEVEL = 0;
				GCC_PREPROCESSOR_DEFINITIONS = (
					"DEBUG=1",
					"$(inherited)",
				);
				GCC_WARN_64_TO_32_BIT_CONVERSION = YES;
				GCC_WARN_ABOUT_RETURN_TYPE = YES_ERROR;
				GCC_WARN_UNDECLARED_SELECTOR = YES;
				GCC_WARN_UNINITIALIZED_AUTOS = YES_AGGRESSIVE;
				GCC_WARN_UNUSED_FUNCTION = YES;
				GCC_WARN_UNUSED_VARIABLE = YES;
				IPHONEOS_DEPLOYMENT_TARGET = 10.3;
				MTL_ENABLE_DEBUG_INFO = YES;
				ONLY_ACTIVE_ARCH = YES;
				SDKROOT = iphoneos;
				SWIFT_ACTIVE_COMPILATION_CONDITIONS = DEBUG;
				SWIFT_OPTIMIZATION_LEVEL = "-Onone";
				TARGETED_DEVICE_FAMILY = "1,2";
			};
			name = Debug;
		};
		0AB046F01F192CBE00DC5FA5 /* Release */ = {
			isa = XCBuildConfiguration;
			buildSettings = {
				ALWAYS_SEARCH_USER_PATHS = NO;
				CLANG_ANALYZER_NONNULL = YES;
				CLANG_ANALYZER_NUMBER_OBJECT_CONVERSION = YES_AGGRESSIVE;
				CLANG_CXX_LANGUAGE_STANDARD = "gnu++0x";
				CLANG_CXX_LIBRARY = "libc++";
				CLANG_ENABLE_MODULES = YES;
				CLANG_ENABLE_OBJC_ARC = YES;
				CLANG_WARN_BOOL_CONVERSION = YES;
				CLANG_WARN_CONSTANT_CONVERSION = YES;
				CLANG_WARN_DIRECT_OBJC_ISA_USAGE = YES_ERROR;
				CLANG_WARN_DOCUMENTATION_COMMENTS = YES;
				CLANG_WARN_EMPTY_BODY = YES;
				CLANG_WARN_ENUM_CONVERSION = YES;
				CLANG_WARN_INFINITE_RECURSION = YES;
				CLANG_WARN_INT_CONVERSION = YES;
				CLANG_WARN_OBJC_ROOT_CLASS = YES_ERROR;
				CLANG_WARN_SUSPICIOUS_MOVE = YES;
				CLANG_WARN_UNREACHABLE_CODE = YES;
				CLANG_WARN__DUPLICATE_METHOD_MATCH = YES;
				"CODE_SIGN_IDENTITY[sdk=iphoneos*]" = "iPhone Developer";
				COPY_PHASE_STRIP = NO;
				DEBUG_INFORMATION_FORMAT = "dwarf-with-dsym";
				ENABLE_NS_ASSERTIONS = NO;
				ENABLE_STRICT_OBJC_MSGSEND = YES;
				GCC_C_LANGUAGE_STANDARD = gnu99;
				GCC_NO_COMMON_BLOCKS = YES;
				GCC_WARN_64_TO_32_BIT_CONVERSION = YES;
				GCC_WARN_ABOUT_RETURN_TYPE = YES_ERROR;
				GCC_WARN_UNDECLARED_SELECTOR = YES;
				GCC_WARN_UNINITIALIZED_AUTOS = YES_AGGRESSIVE;
				GCC_WARN_UNUSED_FUNCTION = YES;
				GCC_WARN_UNUSED_VARIABLE = YES;
				IPHONEOS_DEPLOYMENT_TARGET = 10.3;
				MTL_ENABLE_DEBUG_INFO = NO;
				SDKROOT = iphoneos;
				SWIFT_OPTIMIZATION_LEVEL = "-Owholemodule";
				TARGETED_DEVICE_FAMILY = "1,2";
				VALIDATE_PRODUCT = YES;
			};
			name = Release;
		};
		0AB046F21F192CBE00DC5FA5 /* Debug */ = {
			isa = XCBuildConfiguration;
			baseConfigurationReference = B565FBE78F2ABB9F2B1477F1 /* Pods-tcp.debug.xcconfig */;
			buildSettings = {
				ASSETCATALOG_COMPILER_APPICON_NAME = AppIcon;
				DEVELOPMENT_TEAM = VSXL9U3YDL;
				INFOPLIST_FILE = tcp/Info.plist;
				LD_RUNPATH_SEARCH_PATHS = "$(inherited) @executable_path/Frameworks";
				PRODUCT_BUNDLE_IDENTIFIER = SALIDO.tcp;
				PRODUCT_NAME = "$(TARGET_NAME)";
				SWIFT_OBJC_BRIDGING_HEADER = "tcp-Bridging-Header.h";
				SWIFT_VERSION = 3.0;
			};
			name = Debug;
		};
		0AB046F31F192CBE00DC5FA5 /* Release */ = {
			isa = XCBuildConfiguration;
			baseConfigurationReference = 09D9BD0D3C9E9FE790956549 /* Pods-tcp.release.xcconfig */;
			buildSettings = {
				ASSETCATALOG_COMPILER_APPICON_NAME = AppIcon;
				DEVELOPMENT_TEAM = VSXL9U3YDL;
				INFOPLIST_FILE = tcp/Info.plist;
				LD_RUNPATH_SEARCH_PATHS = "$(inherited) @executable_path/Frameworks";
				PRODUCT_BUNDLE_IDENTIFIER = SALIDO.tcp;
				PRODUCT_NAME = "$(TARGET_NAME)";
				SWIFT_OBJC_BRIDGING_HEADER = "tcp-Bridging-Header.h";
				SWIFT_VERSION = 3.0;
			};
			name = Release;
		};
		0AB046F51F192CBE00DC5FA5 /* Debug */ = {
			isa = XCBuildConfiguration;
			baseConfigurationReference = A26C65DB6B2B4A88BAAB7B26 /* Pods-tcpTests.debug.xcconfig */;
			buildSettings = {
				ALWAYS_EMBED_SWIFT_STANDARD_LIBRARIES = YES;
				BUNDLE_LOADER = "$(TEST_HOST)";
				INFOPLIST_FILE = tcpTests/Info.plist;
				LD_RUNPATH_SEARCH_PATHS = "$(inherited) @executable_path/Frameworks @loader_path/Frameworks";
				PRODUCT_BUNDLE_IDENTIFIER = SALIDO.tcpTests;
				PRODUCT_NAME = "$(TARGET_NAME)";
				SWIFT_VERSION = 3.0;
				TEST_HOST = "$(BUILT_PRODUCTS_DIR)/tcp.app/tcp";
			};
			name = Debug;
		};
		0AB046F61F192CBE00DC5FA5 /* Release */ = {
			isa = XCBuildConfiguration;
			baseConfigurationReference = 981A9C8507ED591D356048BC /* Pods-tcpTests.release.xcconfig */;
			buildSettings = {
				ALWAYS_EMBED_SWIFT_STANDARD_LIBRARIES = YES;
				BUNDLE_LOADER = "$(TEST_HOST)";
				INFOPLIST_FILE = tcpTests/Info.plist;
				LD_RUNPATH_SEARCH_PATHS = "$(inherited) @executable_path/Frameworks @loader_path/Frameworks";
				PRODUCT_BUNDLE_IDENTIFIER = SALIDO.tcpTests;
				PRODUCT_NAME = "$(TARGET_NAME)";
				SWIFT_VERSION = 3.0;
				TEST_HOST = "$(BUILT_PRODUCTS_DIR)/tcp.app/tcp";
			};
			name = Release;
		};
		0AB046F81F192CBE00DC5FA5 /* Debug */ = {
			isa = XCBuildConfiguration;
			baseConfigurationReference = E2F9D2D0934E32B4B13160CA /* Pods-tcpUITests.debug.xcconfig */;
			buildSettings = {
				ALWAYS_EMBED_SWIFT_STANDARD_LIBRARIES = YES;
				INFOPLIST_FILE = tcpUITests/Info.plist;
				LD_RUNPATH_SEARCH_PATHS = "$(inherited) @executable_path/Frameworks @loader_path/Frameworks";
				PRODUCT_BUNDLE_IDENTIFIER = SALIDO.tcpUITests;
				PRODUCT_NAME = "$(TARGET_NAME)";
				SWIFT_VERSION = 3.0;
				TEST_TARGET_NAME = tcp;
			};
			name = Debug;
		};
		0AB046F91F192CBE00DC5FA5 /* Release */ = {
			isa = XCBuildConfiguration;
			baseConfigurationReference = 6D661EE37F98530258801172 /* Pods-tcpUITests.release.xcconfig */;
			buildSettings = {
				ALWAYS_EMBED_SWIFT_STANDARD_LIBRARIES = YES;
				INFOPLIST_FILE = tcpUITests/Info.plist;
				LD_RUNPATH_SEARCH_PATHS = "$(inherited) @executable_path/Frameworks @loader_path/Frameworks";
				PRODUCT_BUNDLE_IDENTIFIER = SALIDO.tcpUITests;
				PRODUCT_NAME = "$(TARGET_NAME)";
				SWIFT_VERSION = 3.0;
				TEST_TARGET_NAME = tcp;
			};
			name = Release;
		};
/* End XCBuildConfiguration section */

/* Begin XCConfigurationList section */
		0AB046C41F192CBD00DC5FA5 /* Build configuration list for PBXProject "tcp" */ = {
			isa = XCConfigurationList;
			buildConfigurations = (
				0AB046EF1F192CBE00DC5FA5 /* Debug */,
				0AB046F01F192CBE00DC5FA5 /* Release */,
			);
			defaultConfigurationIsVisible = 0;
			defaultConfigurationName = Release;
		};
		0AB046F11F192CBE00DC5FA5 /* Build configuration list for PBXNativeTarget "tcp" */ = {
			isa = XCConfigurationList;
			buildConfigurations = (
				0AB046F21F192CBE00DC5FA5 /* Debug */,
				0AB046F31F192CBE00DC5FA5 /* Release */,
			);
			defaultConfigurationIsVisible = 0;
			defaultConfigurationName = Release;
		};
		0AB046F41F192CBE00DC5FA5 /* Build configuration list for PBXNativeTarget "tcpTests" */ = {
			isa = XCConfigurationList;
			buildConfigurations = (
				0AB046F51F192CBE00DC5FA5 /* Debug */,
				0AB046F61F192CBE00DC5FA5 /* Release */,
			);
			defaultConfigurationIsVisible = 0;
			defaultConfigurationName = Release;
		};
		0AB046F71F192CBE00DC5FA5 /* Build configuration list for PBXNativeTarget "tcpUITests" */ = {
			isa = XCConfigurationList;
			buildConfigurations = (
				0AB046F81F192CBE00DC5FA5 /* Debug */,
				0AB046F91F192CBE00DC5FA5 /* Release */,
			);
			defaultConfigurationIsVisible = 0;
			defaultConfigurationName = Release;
		};
/* End XCConfigurationList section */
	};
	rootObject = 0AB046C11F192CBD00DC5FA5 /* Project object */;
}
